// !$*UTF8*$!
{
	archiveVersion = 1;
	classes = {
	};
	objectVersion = 46;
	objects = {

/* Begin PBXBuildFile section */
		C65E15B41EF9547900451808 /* scene.cpp in Sources */ = {isa = PBXBuildFile; fileRef = C65E15B21EF9547900451808 /* scene.cpp */; };
		C65E15B71EF954F900451808 /* object.cpp in Sources */ = {isa = PBXBuildFile; fileRef = C65E15B51EF954F900451808 /* object.cpp */; };
		C65E15BA1EF9589400451808 /* renderer.cpp in Sources */ = {isa = PBXBuildFile; fileRef = C65E15B81EF9589400451808 /* renderer.cpp */; };
		C65E15BD1EF95DD100451808 /* texture.cpp in Sources */ = {isa = PBXBuildFile; fileRef = C65E15BB1EF95DD100451808 /* texture.cpp */; };
		C65E15C01EF961DE00451808 /* light.cpp in Sources */ = {isa = PBXBuildFile; fileRef = C65E15BE1EF961DE00451808 /* light.cpp */; };
		C65E15C61EF962F400451808 /* collider.cpp in Sources */ = {isa = PBXBuildFile; fileRef = C65E15C41EF962F400451808 /* collider.cpp */; };
		C65E15C91EF96B4D00451808 /* RayTracingRenderer.cpp in Sources */ = {isa = PBXBuildFile; fileRef = C65E15C71EF96B4D00451808 /* RayTracingRenderer.cpp */; };
		C65E15CD1EF9877800451808 /* RectangleObject.cpp in Sources */ = {isa = PBXBuildFile; fileRef = C65E15CB1EF9877800451808 /* RectangleObject.cpp */; };
		C65E15D01EF9FD3600451808 /* Camera.cpp in Sources */ = {isa = PBXBuildFile; fileRef = C65E15CE1EF9FD3600451808 /* Camera.cpp */; };
		C65E15D21EFA07F600451808 /* basic.cpp in Sources */ = {isa = PBXBuildFile; fileRef = C65E15D11EFA07F600451808 /* basic.cpp */; };
		C65E16D61EFA1DFA00451808 /* libopencv_calib3d.3.2.0.dylib in Frameworks */ = {isa = PBXBuildFile; fileRef = C65E16A51EFA1DFA00451808 /* libopencv_calib3d.3.2.0.dylib */; };
		C65E16D71EFA1DFA00451808 /* libopencv_calib3d.3.2.0.dylib in Frameworks */ = {isa = PBXBuildFile; fileRef = C65E16A61EFA1DFA00451808 /* libopencv_calib3d.3.2.0.dylib */; };
		C65E16D81EFA1DFA00451808 /* libopencv_calib3d.3.2.0.dylib in Frameworks */ = {isa = PBXBuildFile; fileRef = C65E16A71EFA1DFA00451808 /* libopencv_calib3d.3.2.0.dylib */; };
		C65E16D91EFA1DFA00451808 /* libopencv_core.3.2.0.dylib in Frameworks */ = {isa = PBXBuildFile; fileRef = C65E16A81EFA1DFA00451808 /* libopencv_core.3.2.0.dylib */; };
		C65E16DA1EFA1DFA00451808 /* libopencv_core.3.2.0.dylib in Frameworks */ = {isa = PBXBuildFile; fileRef = C65E16A91EFA1DFA00451808 /* libopencv_core.3.2.0.dylib */; };
		C65E16DB1EFA1DFA00451808 /* libopencv_core.3.2.0.dylib in Frameworks */ = {isa = PBXBuildFile; fileRef = C65E16AA1EFA1DFA00451808 /* libopencv_core.3.2.0.dylib */; };
		C65E16DC1EFA1DFA00451808 /* libopencv_features2d.3.2.0.dylib in Frameworks */ = {isa = PBXBuildFile; fileRef = C65E16AB1EFA1DFA00451808 /* libopencv_features2d.3.2.0.dylib */; };
		C65E16DD1EFA1DFA00451808 /* libopencv_features2d.3.2.0.dylib in Frameworks */ = {isa = PBXBuildFile; fileRef = C65E16AC1EFA1DFA00451808 /* libopencv_features2d.3.2.0.dylib */; };
		C65E16DE1EFA1DFA00451808 /* libopencv_features2d.3.2.0.dylib in Frameworks */ = {isa = PBXBuildFile; fileRef = C65E16AD1EFA1DFA00451808 /* libopencv_features2d.3.2.0.dylib */; };
		C65E16DF1EFA1DFA00451808 /* libopencv_flann.3.2.0.dylib in Frameworks */ = {isa = PBXBuildFile; fileRef = C65E16AE1EFA1DFA00451808 /* libopencv_flann.3.2.0.dylib */; };
		C65E16E01EFA1DFA00451808 /* libopencv_flann.3.2.0.dylib in Frameworks */ = {isa = PBXBuildFile; fileRef = C65E16AF1EFA1DFA00451808 /* libopencv_flann.3.2.0.dylib */; };
		C65E16E11EFA1DFA00451808 /* libopencv_flann.3.2.0.dylib in Frameworks */ = {isa = PBXBuildFile; fileRef = C65E16B01EFA1DFA00451808 /* libopencv_flann.3.2.0.dylib */; };
		C65E16E21EFA1DFA00451808 /* libopencv_highgui.3.2.0.dylib in Frameworks */ = {isa = PBXBuildFile; fileRef = C65E16B11EFA1DFA00451808 /* libopencv_highgui.3.2.0.dylib */; };
		C65E16E31EFA1DFA00451808 /* libopencv_highgui.3.2.0.dylib in Frameworks */ = {isa = PBXBuildFile; fileRef = C65E16B21EFA1DFA00451808 /* libopencv_highgui.3.2.0.dylib */; };
		C65E16E41EFA1DFA00451808 /* libopencv_highgui.3.2.0.dylib in Frameworks */ = {isa = PBXBuildFile; fileRef = C65E16B31EFA1DFA00451808 /* libopencv_highgui.3.2.0.dylib */; };
		C65E16E51EFA1DFA00451808 /* libopencv_imgcodecs.3.2.0.dylib in Frameworks */ = {isa = PBXBuildFile; fileRef = C65E16B41EFA1DFA00451808 /* libopencv_imgcodecs.3.2.0.dylib */; };
		C65E16E61EFA1DFA00451808 /* libopencv_imgcodecs.3.2.0.dylib in Frameworks */ = {isa = PBXBuildFile; fileRef = C65E16B51EFA1DFA00451808 /* libopencv_imgcodecs.3.2.0.dylib */; };
		C65E16E71EFA1DFA00451808 /* libopencv_imgcodecs.3.2.0.dylib in Frameworks */ = {isa = PBXBuildFile; fileRef = C65E16B61EFA1DFA00451808 /* libopencv_imgcodecs.3.2.0.dylib */; };
		C65E16E81EFA1DFA00451808 /* libopencv_imgproc.3.2.0.dylib in Frameworks */ = {isa = PBXBuildFile; fileRef = C65E16B71EFA1DFA00451808 /* libopencv_imgproc.3.2.0.dylib */; };
		C65E16E91EFA1DFA00451808 /* libopencv_imgproc.3.2.0.dylib in Frameworks */ = {isa = PBXBuildFile; fileRef = C65E16B81EFA1DFA00451808 /* libopencv_imgproc.3.2.0.dylib */; };
		C65E16EA1EFA1DFA00451808 /* libopencv_imgproc.3.2.0.dylib in Frameworks */ = {isa = PBXBuildFile; fileRef = C65E16B91EFA1DFA00451808 /* libopencv_imgproc.3.2.0.dylib */; };
		C65E16EB1EFA1DFA00451808 /* libopencv_ml.3.2.0.dylib in Frameworks */ = {isa = PBXBuildFile; fileRef = C65E16BA1EFA1DFA00451808 /* libopencv_ml.3.2.0.dylib */; };
		C65E16EC1EFA1DFA00451808 /* libopencv_ml.3.2.0.dylib in Frameworks */ = {isa = PBXBuildFile; fileRef = C65E16BB1EFA1DFA00451808 /* libopencv_ml.3.2.0.dylib */; };
		C65E16ED1EFA1DFA00451808 /* libopencv_ml.3.2.0.dylib in Frameworks */ = {isa = PBXBuildFile; fileRef = C65E16BC1EFA1DFA00451808 /* libopencv_ml.3.2.0.dylib */; };
		C65E16EE1EFA1DFA00451808 /* libopencv_objdetect.3.2.0.dylib in Frameworks */ = {isa = PBXBuildFile; fileRef = C65E16BD1EFA1DFA00451808 /* libopencv_objdetect.3.2.0.dylib */; };
		C65E16EF1EFA1DFA00451808 /* libopencv_objdetect.3.2.0.dylib in Frameworks */ = {isa = PBXBuildFile; fileRef = C65E16BE1EFA1DFA00451808 /* libopencv_objdetect.3.2.0.dylib */; };
		C65E16F01EFA1DFA00451808 /* libopencv_objdetect.3.2.0.dylib in Frameworks */ = {isa = PBXBuildFile; fileRef = C65E16BF1EFA1DFA00451808 /* libopencv_objdetect.3.2.0.dylib */; };
		C65E16F11EFA1DFA00451808 /* libopencv_photo.3.2.0.dylib in Frameworks */ = {isa = PBXBuildFile; fileRef = C65E16C01EFA1DFA00451808 /* libopencv_photo.3.2.0.dylib */; };
		C65E16F21EFA1DFA00451808 /* libopencv_photo.3.2.0.dylib in Frameworks */ = {isa = PBXBuildFile; fileRef = C65E16C11EFA1DFA00451808 /* libopencv_photo.3.2.0.dylib */; };
		C65E16F31EFA1DFA00451808 /* libopencv_photo.3.2.0.dylib in Frameworks */ = {isa = PBXBuildFile; fileRef = C65E16C21EFA1DFA00451808 /* libopencv_photo.3.2.0.dylib */; };
		C65E16F41EFA1DFA00451808 /* libopencv_shape.3.2.0.dylib in Frameworks */ = {isa = PBXBuildFile; fileRef = C65E16C31EFA1DFA00451808 /* libopencv_shape.3.2.0.dylib */; };
		C65E16F51EFA1DFA00451808 /* libopencv_shape.3.2.0.dylib in Frameworks */ = {isa = PBXBuildFile; fileRef = C65E16C41EFA1DFA00451808 /* libopencv_shape.3.2.0.dylib */; };
		C65E16F61EFA1DFA00451808 /* libopencv_shape.3.2.0.dylib in Frameworks */ = {isa = PBXBuildFile; fileRef = C65E16C51EFA1DFA00451808 /* libopencv_shape.3.2.0.dylib */; };
		C65E16F71EFA1DFA00451808 /* libopencv_stitching.3.2.0.dylib in Frameworks */ = {isa = PBXBuildFile; fileRef = C65E16C61EFA1DFA00451808 /* libopencv_stitching.3.2.0.dylib */; };
		C65E16F81EFA1DFA00451808 /* libopencv_stitching.3.2.0.dylib in Frameworks */ = {isa = PBXBuildFile; fileRef = C65E16C71EFA1DFA00451808 /* libopencv_stitching.3.2.0.dylib */; };
		C65E16F91EFA1DFA00451808 /* libopencv_stitching.3.2.0.dylib in Frameworks */ = {isa = PBXBuildFile; fileRef = C65E16C81EFA1DFA00451808 /* libopencv_stitching.3.2.0.dylib */; };
		C65E16FA1EFA1DFA00451808 /* libopencv_superres.3.2.0.dylib in Frameworks */ = {isa = PBXBuildFile; fileRef = C65E16C91EFA1DFA00451808 /* libopencv_superres.3.2.0.dylib */; };
		C65E16FB1EFA1DFA00451808 /* libopencv_superres.3.2.0.dylib in Frameworks */ = {isa = PBXBuildFile; fileRef = C65E16CA1EFA1DFA00451808 /* libopencv_superres.3.2.0.dylib */; };
		C65E16FC1EFA1DFA00451808 /* libopencv_superres.3.2.0.dylib in Frameworks */ = {isa = PBXBuildFile; fileRef = C65E16CB1EFA1DFA00451808 /* libopencv_superres.3.2.0.dylib */; };
		C65E16FD1EFA1DFA00451808 /* libopencv_ts.a in Frameworks */ = {isa = PBXBuildFile; fileRef = C65E16CC1EFA1DFA00451808 /* libopencv_ts.a */; };
		C65E16FE1EFA1DFA00451808 /* libopencv_video.3.2.0.dylib in Frameworks */ = {isa = PBXBuildFile; fileRef = C65E16CD1EFA1DFA00451808 /* libopencv_video.3.2.0.dylib */; };
		C65E16FF1EFA1DFA00451808 /* libopencv_video.3.2.0.dylib in Frameworks */ = {isa = PBXBuildFile; fileRef = C65E16CE1EFA1DFA00451808 /* libopencv_video.3.2.0.dylib */; };
		C65E17001EFA1DFA00451808 /* libopencv_video.3.2.0.dylib in Frameworks */ = {isa = PBXBuildFile; fileRef = C65E16CF1EFA1DFA00451808 /* libopencv_video.3.2.0.dylib */; };
		C65E17011EFA1DFA00451808 /* libopencv_videoio.3.2.0.dylib in Frameworks */ = {isa = PBXBuildFile; fileRef = C65E16D01EFA1DFA00451808 /* libopencv_videoio.3.2.0.dylib */; };
		C65E17021EFA1DFA00451808 /* libopencv_videoio.3.2.0.dylib in Frameworks */ = {isa = PBXBuildFile; fileRef = C65E16D11EFA1DFA00451808 /* libopencv_videoio.3.2.0.dylib */; };
		C65E17031EFA1DFA00451808 /* libopencv_videoio.3.2.0.dylib in Frameworks */ = {isa = PBXBuildFile; fileRef = C65E16D21EFA1DFA00451808 /* libopencv_videoio.3.2.0.dylib */; };
		C65E17041EFA1DFA00451808 /* libopencv_videostab.3.2.0.dylib in Frameworks */ = {isa = PBXBuildFile; fileRef = C65E16D31EFA1DFA00451808 /* libopencv_videostab.3.2.0.dylib */; };
		C65E17051EFA1DFA00451808 /* libopencv_videostab.3.2.0.dylib in Frameworks */ = {isa = PBXBuildFile; fileRef = C65E16D41EFA1DFA00451808 /* libopencv_videostab.3.2.0.dylib */; };
		C65E17061EFA1DFA00451808 /* libopencv_videostab.3.2.0.dylib in Frameworks */ = {isa = PBXBuildFile; fileRef = C65E16D51EFA1DFA00451808 /* libopencv_videostab.3.2.0.dylib */; };
		C6AB74C71EF17008001EF1EC /* main.cpp in Sources */ = {isa = PBXBuildFile; fileRef = C6AB74C61EF17008001EF1EC /* main.cpp */; };
/* End PBXBuildFile section */

/* Begin PBXCopyFilesBuildPhase section */
		C6AB74C11EF17008001EF1EC /* CopyFiles */ = {
			isa = PBXCopyFilesBuildPhase;
			buildActionMask = 2147483647;
			dstPath = /usr/share/man/man1/;
			dstSubfolderSpec = 0;
			files = (
			);
			runOnlyForDeploymentPostprocessing = 1;
		};
/* End PBXCopyFilesBuildPhase section */

/* Begin PBXFileReference section */
		C65E15B01EF9445F00451808 /* 1.png */ = {isa = PBXFileReference; lastKnownFileType = image.png; name = 1.png; path = images/1.png; sourceTree = "<group>"; };
		C65E15B21EF9547900451808 /* scene.cpp */ = {isa = PBXFileReference; fileEncoding = 4; lastKnownFileType = sourcecode.cpp.cpp; path = scene.cpp; sourceTree = "<group>"; };
		C65E15B31EF9547900451808 /* scene.hpp */ = {isa = PBXFileReference; fileEncoding = 4; lastKnownFileType = sourcecode.cpp.h; path = scene.hpp; sourceTree = "<group>"; };
		C65E15B51EF954F900451808 /* object.cpp */ = {isa = PBXFileReference; fileEncoding = 4; lastKnownFileType = sourcecode.cpp.cpp; path = object.cpp; sourceTree = "<group>"; };
		C65E15B61EF954F900451808 /* object.hpp */ = {isa = PBXFileReference; fileEncoding = 4; lastKnownFileType = sourcecode.cpp.h; path = object.hpp; sourceTree = "<group>"; };
		C65E15B81EF9589400451808 /* renderer.cpp */ = {isa = PBXFileReference; fileEncoding = 4; lastKnownFileType = sourcecode.cpp.cpp; path = renderer.cpp; sourceTree = "<group>"; };
		C65E15B91EF9589400451808 /* renderer.hpp */ = {isa = PBXFileReference; fileEncoding = 4; lastKnownFileType = sourcecode.cpp.h; path = renderer.hpp; sourceTree = "<group>"; };
		C65E15BB1EF95DD100451808 /* texture.cpp */ = {isa = PBXFileReference; fileEncoding = 4; lastKnownFileType = sourcecode.cpp.cpp; path = texture.cpp; sourceTree = "<group>"; };
		C65E15BC1EF95DD100451808 /* texture.hpp */ = {isa = PBXFileReference; fileEncoding = 4; lastKnownFileType = sourcecode.cpp.h; path = texture.hpp; sourceTree = "<group>"; };
		C65E15BE1EF961DE00451808 /* light.cpp */ = {isa = PBXFileReference; fileEncoding = 4; lastKnownFileType = sourcecode.cpp.cpp; path = light.cpp; sourceTree = "<group>"; };
		C65E15BF1EF961DE00451808 /* light.hpp */ = {isa = PBXFileReference; fileEncoding = 4; lastKnownFileType = sourcecode.cpp.h; path = light.hpp; sourceTree = "<group>"; };
		C65E15C41EF962F400451808 /* collider.cpp */ = {isa = PBXFileReference; fileEncoding = 4; lastKnownFileType = sourcecode.cpp.cpp; path = collider.cpp; sourceTree = "<group>"; };
		C65E15C51EF962F400451808 /* collider.hpp */ = {isa = PBXFileReference; fileEncoding = 4; lastKnownFileType = sourcecode.cpp.h; path = collider.hpp; sourceTree = "<group>"; };
		C65E15C71EF96B4D00451808 /* RayTracingRenderer.cpp */ = {isa = PBXFileReference; fileEncoding = 4; lastKnownFileType = sourcecode.cpp.cpp; path = RayTracingRenderer.cpp; sourceTree = "<group>"; };
		C65E15C81EF96B4D00451808 /* RayTracingRenderer.hpp */ = {isa = PBXFileReference; fileEncoding = 4; lastKnownFileType = sourcecode.cpp.h; path = RayTracingRenderer.hpp; sourceTree = "<group>"; };
		C65E15CA1EF97B2800451808 /* .gitignore */ = {isa = PBXFileReference; fileEncoding = 4; lastKnownFileType = text; path = .gitignore; sourceTree = "<group>"; };
		C65E15CB1EF9877800451808 /* RectangleObject.cpp */ = {isa = PBXFileReference; fileEncoding = 4; lastKnownFileType = sourcecode.cpp.cpp; path = RectangleObject.cpp; sourceTree = "<group>"; };
		C65E15CC1EF9877800451808 /* RectangleObject.hpp */ = {isa = PBXFileReference; fileEncoding = 4; lastKnownFileType = sourcecode.cpp.h; path = RectangleObject.hpp; sourceTree = "<group>"; };
		C65E15CE1EF9FD3600451808 /* Camera.cpp */ = {isa = PBXFileReference; fileEncoding = 4; lastKnownFileType = sourcecode.cpp.cpp; path = Camera.cpp; sourceTree = "<group>"; };
		C65E15CF1EF9FD3600451808 /* Camera.hpp */ = {isa = PBXFileReference; fileEncoding = 4; lastKnownFileType = sourcecode.cpp.h; path = Camera.hpp; sourceTree = "<group>"; };
		C65E15D11EFA07F600451808 /* basic.cpp */ = {isa = PBXFileReference; fileEncoding = 4; lastKnownFileType = sourcecode.cpp.cpp; path = basic.cpp; sourceTree = "<group>"; };
		C65E16A51EFA1DFA00451808 /* libopencv_calib3d.3.2.0.dylib */ = {isa = PBXFileReference; lastKnownFileType = "compiled.mach-o.dylib"; name = libopencv_calib3d.3.2.0.dylib; path = "../../../../Downloads/opencv-3.2.0/release/lib/libopencv_calib3d.3.2.0.dylib"; sourceTree = "<group>"; };
		C65E16A61EFA1DFA00451808 /* libopencv_calib3d.3.2.0.dylib */ = {isa = PBXFileReference; lastKnownFileType = "compiled.mach-o.dylib"; name = libopencv_calib3d.3.2.0.dylib; path = "../../../../Downloads/opencv-3.2.0/release/lib/libopencv_calib3d.3.2.0.dylib"; sourceTree = "<group>"; };
		C65E16A71EFA1DFA00451808 /* libopencv_calib3d.3.2.0.dylib */ = {isa = PBXFileReference; lastKnownFileType = "compiled.mach-o.dylib"; name = libopencv_calib3d.3.2.0.dylib; path = "../../../../Downloads/opencv-3.2.0/release/lib/libopencv_calib3d.3.2.0.dylib"; sourceTree = "<group>"; };
		C65E16A81EFA1DFA00451808 /* libopencv_core.3.2.0.dylib */ = {isa = PBXFileReference; lastKnownFileType = "compiled.mach-o.dylib"; name = libopencv_core.3.2.0.dylib; path = "../../../../Downloads/opencv-3.2.0/release/lib/libopencv_core.3.2.0.dylib"; sourceTree = "<group>"; };
		C65E16A91EFA1DFA00451808 /* libopencv_core.3.2.0.dylib */ = {isa = PBXFileReference; lastKnownFileType = "compiled.mach-o.dylib"; name = libopencv_core.3.2.0.dylib; path = "../../../../Downloads/opencv-3.2.0/release/lib/libopencv_core.3.2.0.dylib"; sourceTree = "<group>"; };
		C65E16AA1EFA1DFA00451808 /* libopencv_core.3.2.0.dylib */ = {isa = PBXFileReference; lastKnownFileType = "compiled.mach-o.dylib"; name = libopencv_core.3.2.0.dylib; path = "../../../../Downloads/opencv-3.2.0/release/lib/libopencv_core.3.2.0.dylib"; sourceTree = "<group>"; };
		C65E16AB1EFA1DFA00451808 /* libopencv_features2d.3.2.0.dylib */ = {isa = PBXFileReference; lastKnownFileType = "compiled.mach-o.dylib"; name = libopencv_features2d.3.2.0.dylib; path = "../../../../Downloads/opencv-3.2.0/release/lib/libopencv_features2d.3.2.0.dylib"; sourceTree = "<group>"; };
		C65E16AC1EFA1DFA00451808 /* libopencv_features2d.3.2.0.dylib */ = {isa = PBXFileReference; lastKnownFileType = "compiled.mach-o.dylib"; name = libopencv_features2d.3.2.0.dylib; path = "../../../../Downloads/opencv-3.2.0/release/lib/libopencv_features2d.3.2.0.dylib"; sourceTree = "<group>"; };
		C65E16AD1EFA1DFA00451808 /* libopencv_features2d.3.2.0.dylib */ = {isa = PBXFileReference; lastKnownFileType = "compiled.mach-o.dylib"; name = libopencv_features2d.3.2.0.dylib; path = "../../../../Downloads/opencv-3.2.0/release/lib/libopencv_features2d.3.2.0.dylib"; sourceTree = "<group>"; };
		C65E16AE1EFA1DFA00451808 /* libopencv_flann.3.2.0.dylib */ = {isa = PBXFileReference; lastKnownFileType = "compiled.mach-o.dylib"; name = libopencv_flann.3.2.0.dylib; path = "../../../../Downloads/opencv-3.2.0/release/lib/libopencv_flann.3.2.0.dylib"; sourceTree = "<group>"; };
		C65E16AF1EFA1DFA00451808 /* libopencv_flann.3.2.0.dylib */ = {isa = PBXFileReference; lastKnownFileType = "compiled.mach-o.dylib"; name = libopencv_flann.3.2.0.dylib; path = "../../../../Downloads/opencv-3.2.0/release/lib/libopencv_flann.3.2.0.dylib"; sourceTree = "<group>"; };
		C65E16B01EFA1DFA00451808 /* libopencv_flann.3.2.0.dylib */ = {isa = PBXFileReference; lastKnownFileType = "compiled.mach-o.dylib"; name = libopencv_flann.3.2.0.dylib; path = "../../../../Downloads/opencv-3.2.0/release/lib/libopencv_flann.3.2.0.dylib"; sourceTree = "<group>"; };
		C65E16B11EFA1DFA00451808 /* libopencv_highgui.3.2.0.dylib */ = {isa = PBXFileReference; lastKnownFileType = "compiled.mach-o.dylib"; name = libopencv_highgui.3.2.0.dylib; path = "../../../../Downloads/opencv-3.2.0/release/lib/libopencv_highgui.3.2.0.dylib"; sourceTree = "<group>"; };
		C65E16B21EFA1DFA00451808 /* libopencv_highgui.3.2.0.dylib */ = {isa = PBXFileReference; lastKnownFileType = "compiled.mach-o.dylib"; name = libopencv_highgui.3.2.0.dylib; path = "../../../../Downloads/opencv-3.2.0/release/lib/libopencv_highgui.3.2.0.dylib"; sourceTree = "<group>"; };
		C65E16B31EFA1DFA00451808 /* libopencv_highgui.3.2.0.dylib */ = {isa = PBXFileReference; lastKnownFileType = "compiled.mach-o.dylib"; name = libopencv_highgui.3.2.0.dylib; path = "../../../../Downloads/opencv-3.2.0/release/lib/libopencv_highgui.3.2.0.dylib"; sourceTree = "<group>"; };
		C65E16B41EFA1DFA00451808 /* libopencv_imgcodecs.3.2.0.dylib */ = {isa = PBXFileReference; lastKnownFileType = "compiled.mach-o.dylib"; name = libopencv_imgcodecs.3.2.0.dylib; path = "../../../../Downloads/opencv-3.2.0/release/lib/libopencv_imgcodecs.3.2.0.dylib"; sourceTree = "<group>"; };
		C65E16B51EFA1DFA00451808 /* libopencv_imgcodecs.3.2.0.dylib */ = {isa = PBXFileReference; lastKnownFileType = "compiled.mach-o.dylib"; name = libopencv_imgcodecs.3.2.0.dylib; path = "../../../../Downloads/opencv-3.2.0/release/lib/libopencv_imgcodecs.3.2.0.dylib"; sourceTree = "<group>"; };
		C65E16B61EFA1DFA00451808 /* libopencv_imgcodecs.3.2.0.dylib */ = {isa = PBXFileReference; lastKnownFileType = "compiled.mach-o.dylib"; name = libopencv_imgcodecs.3.2.0.dylib; path = "../../../../Downloads/opencv-3.2.0/release/lib/libopencv_imgcodecs.3.2.0.dylib"; sourceTree = "<group>"; };
		C65E16B71EFA1DFA00451808 /* libopencv_imgproc.3.2.0.dylib */ = {isa = PBXFileReference; lastKnownFileType = "compiled.mach-o.dylib"; name = libopencv_imgproc.3.2.0.dylib; path = "../../../../Downloads/opencv-3.2.0/release/lib/libopencv_imgproc.3.2.0.dylib"; sourceTree = "<group>"; };
		C65E16B81EFA1DFA00451808 /* libopencv_imgproc.3.2.0.dylib */ = {isa = PBXFileReference; lastKnownFileType = "compiled.mach-o.dylib"; name = libopencv_imgproc.3.2.0.dylib; path = "../../../../Downloads/opencv-3.2.0/release/lib/libopencv_imgproc.3.2.0.dylib"; sourceTree = "<group>"; };
		C65E16B91EFA1DFA00451808 /* libopencv_imgproc.3.2.0.dylib */ = {isa = PBXFileReference; lastKnownFileType = "compiled.mach-o.dylib"; name = libopencv_imgproc.3.2.0.dylib; path = "../../../../Downloads/opencv-3.2.0/release/lib/libopencv_imgproc.3.2.0.dylib"; sourceTree = "<group>"; };
		C65E16BA1EFA1DFA00451808 /* libopencv_ml.3.2.0.dylib */ = {isa = PBXFileReference; lastKnownFileType = "compiled.mach-o.dylib"; name = libopencv_ml.3.2.0.dylib; path = "../../../../Downloads/opencv-3.2.0/release/lib/libopencv_ml.3.2.0.dylib"; sourceTree = "<group>"; };
		C65E16BB1EFA1DFA00451808 /* libopencv_ml.3.2.0.dylib */ = {isa = PBXFileReference; lastKnownFileType = "compiled.mach-o.dylib"; name = libopencv_ml.3.2.0.dylib; path = "../../../../Downloads/opencv-3.2.0/release/lib/libopencv_ml.3.2.0.dylib"; sourceTree = "<group>"; };
		C65E16BC1EFA1DFA00451808 /* libopencv_ml.3.2.0.dylib */ = {isa = PBXFileReference; lastKnownFileType = "compiled.mach-o.dylib"; name = libopencv_ml.3.2.0.dylib; path = "../../../../Downloads/opencv-3.2.0/release/lib/libopencv_ml.3.2.0.dylib"; sourceTree = "<group>"; };
		C65E16BD1EFA1DFA00451808 /* libopencv_objdetect.3.2.0.dylib */ = {isa = PBXFileReference; lastKnownFileType = "compiled.mach-o.dylib"; name = libopencv_objdetect.3.2.0.dylib; path = "../../../../Downloads/opencv-3.2.0/release/lib/libopencv_objdetect.3.2.0.dylib"; sourceTree = "<group>"; };
		C65E16BE1EFA1DFA00451808 /* libopencv_objdetect.3.2.0.dylib */ = {isa = PBXFileReference; lastKnownFileType = "compiled.mach-o.dylib"; name = libopencv_objdetect.3.2.0.dylib; path = "../../../../Downloads/opencv-3.2.0/release/lib/libopencv_objdetect.3.2.0.dylib"; sourceTree = "<group>"; };
		C65E16BF1EFA1DFA00451808 /* libopencv_objdetect.3.2.0.dylib */ = {isa = PBXFileReference; lastKnownFileType = "compiled.mach-o.dylib"; name = libopencv_objdetect.3.2.0.dylib; path = "../../../../Downloads/opencv-3.2.0/release/lib/libopencv_objdetect.3.2.0.dylib"; sourceTree = "<group>"; };
		C65E16C01EFA1DFA00451808 /* libopencv_photo.3.2.0.dylib */ = {isa = PBXFileReference; lastKnownFileType = "compiled.mach-o.dylib"; name = libopencv_photo.3.2.0.dylib; path = "../../../../Downloads/opencv-3.2.0/release/lib/libopencv_photo.3.2.0.dylib"; sourceTree = "<group>"; };
		C65E16C11EFA1DFA00451808 /* libopencv_photo.3.2.0.dylib */ = {isa = PBXFileReference; lastKnownFileType = "compiled.mach-o.dylib"; name = libopencv_photo.3.2.0.dylib; path = "../../../../Downloads/opencv-3.2.0/release/lib/libopencv_photo.3.2.0.dylib"; sourceTree = "<group>"; };
		C65E16C21EFA1DFA00451808 /* libopencv_photo.3.2.0.dylib */ = {isa = PBXFileReference; lastKnownFileType = "compiled.mach-o.dylib"; name = libopencv_photo.3.2.0.dylib; path = "../../../../Downloads/opencv-3.2.0/release/lib/libopencv_photo.3.2.0.dylib"; sourceTree = "<group>"; };
		C65E16C31EFA1DFA00451808 /* libopencv_shape.3.2.0.dylib */ = {isa = PBXFileReference; lastKnownFileType = "compiled.mach-o.dylib"; name = libopencv_shape.3.2.0.dylib; path = "../../../../Downloads/opencv-3.2.0/release/lib/libopencv_shape.3.2.0.dylib"; sourceTree = "<group>"; };
		C65E16C41EFA1DFA00451808 /* libopencv_shape.3.2.0.dylib */ = {isa = PBXFileReference; lastKnownFileType = "compiled.mach-o.dylib"; name = libopencv_shape.3.2.0.dylib; path = "../../../../Downloads/opencv-3.2.0/release/lib/libopencv_shape.3.2.0.dylib"; sourceTree = "<group>"; };
		C65E16C51EFA1DFA00451808 /* libopencv_shape.3.2.0.dylib */ = {isa = PBXFileReference; lastKnownFileType = "compiled.mach-o.dylib"; name = libopencv_shape.3.2.0.dylib; path = "../../../../Downloads/opencv-3.2.0/release/lib/libopencv_shape.3.2.0.dylib"; sourceTree = "<group>"; };
		C65E16C61EFA1DFA00451808 /* libopencv_stitching.3.2.0.dylib */ = {isa = PBXFileReference; lastKnownFileType = "compiled.mach-o.dylib"; name = libopencv_stitching.3.2.0.dylib; path = "../../../../Downloads/opencv-3.2.0/release/lib/libopencv_stitching.3.2.0.dylib"; sourceTree = "<group>"; };
		C65E16C71EFA1DFA00451808 /* libopencv_stitching.3.2.0.dylib */ = {isa = PBXFileReference; lastKnownFileType = "compiled.mach-o.dylib"; name = libopencv_stitching.3.2.0.dylib; path = "../../../../Downloads/opencv-3.2.0/release/lib/libopencv_stitching.3.2.0.dylib"; sourceTree = "<group>"; };
		C65E16C81EFA1DFA00451808 /* libopencv_stitching.3.2.0.dylib */ = {isa = PBXFileReference; lastKnownFileType = "compiled.mach-o.dylib"; name = libopencv_stitching.3.2.0.dylib; path = "../../../../Downloads/opencv-3.2.0/release/lib/libopencv_stitching.3.2.0.dylib"; sourceTree = "<group>"; };
		C65E16C91EFA1DFA00451808 /* libopencv_superres.3.2.0.dylib */ = {isa = PBXFileReference; lastKnownFileType = "compiled.mach-o.dylib"; name = libopencv_superres.3.2.0.dylib; path = "../../../../Downloads/opencv-3.2.0/release/lib/libopencv_superres.3.2.0.dylib"; sourceTree = "<group>"; };
		C65E16CA1EFA1DFA00451808 /* libopencv_superres.3.2.0.dylib */ = {isa = PBXFileReference; lastKnownFileType = "compiled.mach-o.dylib"; name = libopencv_superres.3.2.0.dylib; path = "../../../../Downloads/opencv-3.2.0/release/lib/libopencv_superres.3.2.0.dylib"; sourceTree = "<group>"; };
		C65E16CB1EFA1DFA00451808 /* libopencv_superres.3.2.0.dylib */ = {isa = PBXFileReference; lastKnownFileType = "compiled.mach-o.dylib"; name = libopencv_superres.3.2.0.dylib; path = "../../../../Downloads/opencv-3.2.0/release/lib/libopencv_superres.3.2.0.dylib"; sourceTree = "<group>"; };
		C65E16CC1EFA1DFA00451808 /* libopencv_ts.a */ = {isa = PBXFileReference; lastKnownFileType = archive.ar; name = libopencv_ts.a; path = "../../../../Downloads/opencv-3.2.0/release/lib/libopencv_ts.a"; sourceTree = "<group>"; };
		C65E16CD1EFA1DFA00451808 /* libopencv_video.3.2.0.dylib */ = {isa = PBXFileReference; lastKnownFileType = "compiled.mach-o.dylib"; name = libopencv_video.3.2.0.dylib; path = "../../../../Downloads/opencv-3.2.0/release/lib/libopencv_video.3.2.0.dylib"; sourceTree = "<group>"; };
		C65E16CE1EFA1DFA00451808 /* libopencv_video.3.2.0.dylib */ = {isa = PBXFileReference; lastKnownFileType = "compiled.mach-o.dylib"; name = libopencv_video.3.2.0.dylib; path = "../../../../Downloads/opencv-3.2.0/release/lib/libopencv_video.3.2.0.dylib"; sourceTree = "<group>"; };
		C65E16CF1EFA1DFA00451808 /* libopencv_video.3.2.0.dylib */ = {isa = PBXFileReference; lastKnownFileType = "compiled.mach-o.dylib"; name = libopencv_video.3.2.0.dylib; path = "../../../../Downloads/opencv-3.2.0/release/lib/libopencv_video.3.2.0.dylib"; sourceTree = "<group>"; };
		C65E16D01EFA1DFA00451808 /* libopencv_videoio.3.2.0.dylib */ = {isa = PBXFileReference; lastKnownFileType = "compiled.mach-o.dylib"; name = libopencv_videoio.3.2.0.dylib; path = "../../../../Downloads/opencv-3.2.0/release/lib/libopencv_videoio.3.2.0.dylib"; sourceTree = "<group>"; };
		C65E16D11EFA1DFA00451808 /* libopencv_videoio.3.2.0.dylib */ = {isa = PBXFileReference; lastKnownFileType = "compiled.mach-o.dylib"; name = libopencv_videoio.3.2.0.dylib; path = "../../../../Downloads/opencv-3.2.0/release/lib/libopencv_videoio.3.2.0.dylib"; sourceTree = "<group>"; };
		C65E16D21EFA1DFA00451808 /* libopencv_videoio.3.2.0.dylib */ = {isa = PBXFileReference; lastKnownFileType = "compiled.mach-o.dylib"; name = libopencv_videoio.3.2.0.dylib; path = "../../../../Downloads/opencv-3.2.0/release/lib/libopencv_videoio.3.2.0.dylib"; sourceTree = "<group>"; };
		C65E16D31EFA1DFA00451808 /* libopencv_videostab.3.2.0.dylib */ = {isa = PBXFileReference; lastKnownFileType = "compiled.mach-o.dylib"; name = libopencv_videostab.3.2.0.dylib; path = "../../../../Downloads/opencv-3.2.0/release/lib/libopencv_videostab.3.2.0.dylib"; sourceTree = "<group>"; };
		C65E16D41EFA1DFA00451808 /* libopencv_videostab.3.2.0.dylib */ = {isa = PBXFileReference; lastKnownFileType = "compiled.mach-o.dylib"; name = libopencv_videostab.3.2.0.dylib; path = "../../../../Downloads/opencv-3.2.0/release/lib/libopencv_videostab.3.2.0.dylib"; sourceTree = "<group>"; };
		C65E16D51EFA1DFA00451808 /* libopencv_videostab.3.2.0.dylib */ = {isa = PBXFileReference; lastKnownFileType = "compiled.mach-o.dylib"; name = libopencv_videostab.3.2.0.dylib; path = "../../../../Downloads/opencv-3.2.0/release/lib/libopencv_videostab.3.2.0.dylib"; sourceTree = "<group>"; };
		C6AB74C31EF17008001EF1EC /* Bezier */ = {isa = PBXFileReference; explicitFileType = "compiled.mach-o.executable"; includeInIndex = 0; path = Bezier; sourceTree = BUILT_PRODUCTS_DIR; };
		C6AB74C61EF17008001EF1EC /* main.cpp */ = {isa = PBXFileReference; lastKnownFileType = sourcecode.cpp.cpp; path = main.cpp; sourceTree = "<group>"; };
		C6AB74CD1EF170E6001EF1EC /* basic.h */ = {isa = PBXFileReference; lastKnownFileType = sourcecode.c.h; path = basic.h; sourceTree = "<group>"; };
/* End PBXFileReference section */

/* Begin PBXFrameworksBuildPhase section */
		C6AB74C01EF17008001EF1EC /* Frameworks */ = {
			isa = PBXFrameworksBuildPhase;
			buildActionMask = 2147483647;
			files = (
				C65E17041EFA1DFA00451808 /* libopencv_videostab.3.2.0.dylib in Frameworks */,
				C65E16DF1EFA1DFA00451808 /* libopencv_flann.3.2.0.dylib in Frameworks */,
				C65E16DE1EFA1DFA00451808 /* libopencv_features2d.3.2.0.dylib in Frameworks */,
				C65E17011EFA1DFA00451808 /* libopencv_videoio.3.2.0.dylib in Frameworks */,
				C65E16E31EFA1DFA00451808 /* libopencv_highgui.3.2.0.dylib in Frameworks */,
				C65E17031EFA1DFA00451808 /* libopencv_videoio.3.2.0.dylib in Frameworks */,
				C65E17061EFA1DFA00451808 /* libopencv_videostab.3.2.0.dylib in Frameworks */,
				C65E16ED1EFA1DFA00451808 /* libopencv_ml.3.2.0.dylib in Frameworks */,
				C65E16F21EFA1DFA00451808 /* libopencv_photo.3.2.0.dylib in Frameworks */,
				C65E16FB1EFA1DFA00451808 /* libopencv_superres.3.2.0.dylib in Frameworks */,
				C65E16F81EFA1DFA00451808 /* libopencv_stitching.3.2.0.dylib in Frameworks */,
				C65E16F61EFA1DFA00451808 /* libopencv_shape.3.2.0.dylib in Frameworks */,
				C65E17001EFA1DFA00451808 /* libopencv_video.3.2.0.dylib in Frameworks */,
				C65E16E01EFA1DFA00451808 /* libopencv_flann.3.2.0.dylib in Frameworks */,
				C65E17021EFA1DFA00451808 /* libopencv_videoio.3.2.0.dylib in Frameworks */,
				C65E16D61EFA1DFA00451808 /* libopencv_calib3d.3.2.0.dylib in Frameworks */,
				C65E16F31EFA1DFA00451808 /* libopencv_photo.3.2.0.dylib in Frameworks */,
				C65E16D91EFA1DFA00451808 /* libopencv_core.3.2.0.dylib in Frameworks */,
				C65E16D81EFA1DFA00451808 /* libopencv_calib3d.3.2.0.dylib in Frameworks */,
				C65E17051EFA1DFA00451808 /* libopencv_videostab.3.2.0.dylib in Frameworks */,
				C65E16E71EFA1DFA00451808 /* libopencv_imgcodecs.3.2.0.dylib in Frameworks */,
				C65E16FF1EFA1DFA00451808 /* libopencv_video.3.2.0.dylib in Frameworks */,
				C65E16DB1EFA1DFA00451808 /* libopencv_core.3.2.0.dylib in Frameworks */,
				C65E16FA1EFA1DFA00451808 /* libopencv_superres.3.2.0.dylib in Frameworks */,
				C65E16EA1EFA1DFA00451808 /* libopencv_imgproc.3.2.0.dylib in Frameworks */,
				C65E16D71EFA1DFA00451808 /* libopencv_calib3d.3.2.0.dylib in Frameworks */,
				C65E16F51EFA1DFA00451808 /* libopencv_shape.3.2.0.dylib in Frameworks */,
				C65E16F01EFA1DFA00451808 /* libopencv_objdetect.3.2.0.dylib in Frameworks */,
				C65E16EC1EFA1DFA00451808 /* libopencv_ml.3.2.0.dylib in Frameworks */,
				C65E16FD1EFA1DFA00451808 /* libopencv_ts.a in Frameworks */,
				C65E16EE1EFA1DFA00451808 /* libopencv_objdetect.3.2.0.dylib in Frameworks */,
				C65E16E11EFA1DFA00451808 /* libopencv_flann.3.2.0.dylib in Frameworks */,
				C65E16FE1EFA1DFA00451808 /* libopencv_video.3.2.0.dylib in Frameworks */,
				C65E16EF1EFA1DFA00451808 /* libopencv_objdetect.3.2.0.dylib in Frameworks */,
				C65E16E41EFA1DFA00451808 /* libopencv_highgui.3.2.0.dylib in Frameworks */,
				C65E16F71EFA1DFA00451808 /* libopencv_stitching.3.2.0.dylib in Frameworks */,
				C65E16EB1EFA1DFA00451808 /* libopencv_ml.3.2.0.dylib in Frameworks */,
				C65E16E21EFA1DFA00451808 /* libopencv_highgui.3.2.0.dylib in Frameworks */,
				C65E16FC1EFA1DFA00451808 /* libopencv_superres.3.2.0.dylib in Frameworks */,
				C65E16DA1EFA1DFA00451808 /* libopencv_core.3.2.0.dylib in Frameworks */,
				C65E16E81EFA1DFA00451808 /* libopencv_imgproc.3.2.0.dylib in Frameworks */,
				C65E16E61EFA1DFA00451808 /* libopencv_imgcodecs.3.2.0.dylib in Frameworks */,
				C65E16F11EFA1DFA00451808 /* libopencv_photo.3.2.0.dylib in Frameworks */,
				C65E16F91EFA1DFA00451808 /* libopencv_stitching.3.2.0.dylib in Frameworks */,
				C65E16E91EFA1DFA00451808 /* libopencv_imgproc.3.2.0.dylib in Frameworks */,
				C65E16F41EFA1DFA00451808 /* libopencv_shape.3.2.0.dylib in Frameworks */,
				C65E16DD1EFA1DFA00451808 /* libopencv_features2d.3.2.0.dylib in Frameworks */,
				C65E16DC1EFA1DFA00451808 /* libopencv_features2d.3.2.0.dylib in Frameworks */,
				C65E16E51EFA1DFA00451808 /* libopencv_imgcodecs.3.2.0.dylib in Frameworks */,
			);
			runOnlyForDeploymentPostprocessing = 0;
		};
/* End PBXFrameworksBuildPhase section */

/* Begin PBXGroup section */
		C65E153A1EF9427500451808 /* Opencv_lib */ = {
			isa = PBXGroup;
			children = (
				C65E16A51EFA1DFA00451808 /* libopencv_calib3d.3.2.0.dylib */,
				C65E16A61EFA1DFA00451808 /* libopencv_calib3d.3.2.0.dylib */,
				C65E16A71EFA1DFA00451808 /* libopencv_calib3d.3.2.0.dylib */,
				C65E16A81EFA1DFA00451808 /* libopencv_core.3.2.0.dylib */,
				C65E16A91EFA1DFA00451808 /* libopencv_core.3.2.0.dylib */,
				C65E16AA1EFA1DFA00451808 /* libopencv_core.3.2.0.dylib */,
				C65E16AB1EFA1DFA00451808 /* libopencv_features2d.3.2.0.dylib */,
				C65E16AC1EFA1DFA00451808 /* libopencv_features2d.3.2.0.dylib */,
				C65E16AD1EFA1DFA00451808 /* libopencv_features2d.3.2.0.dylib */,
				C65E16AE1EFA1DFA00451808 /* libopencv_flann.3.2.0.dylib */,
				C65E16AF1EFA1DFA00451808 /* libopencv_flann.3.2.0.dylib */,
				C65E16B01EFA1DFA00451808 /* libopencv_flann.3.2.0.dylib */,
				C65E16B11EFA1DFA00451808 /* libopencv_highgui.3.2.0.dylib */,
				C65E16B21EFA1DFA00451808 /* libopencv_highgui.3.2.0.dylib */,
				C65E16B31EFA1DFA00451808 /* libopencv_highgui.3.2.0.dylib */,
				C65E16B41EFA1DFA00451808 /* libopencv_imgcodecs.3.2.0.dylib */,
				C65E16B51EFA1DFA00451808 /* libopencv_imgcodecs.3.2.0.dylib */,
				C65E16B61EFA1DFA00451808 /* libopencv_imgcodecs.3.2.0.dylib */,
				C65E16B71EFA1DFA00451808 /* libopencv_imgproc.3.2.0.dylib */,
				C65E16B81EFA1DFA00451808 /* libopencv_imgproc.3.2.0.dylib */,
				C65E16B91EFA1DFA00451808 /* libopencv_imgproc.3.2.0.dylib */,
				C65E16BA1EFA1DFA00451808 /* libopencv_ml.3.2.0.dylib */,
				C65E16BB1EFA1DFA00451808 /* libopencv_ml.3.2.0.dylib */,
				C65E16BC1EFA1DFA00451808 /* libopencv_ml.3.2.0.dylib */,
				C65E16BD1EFA1DFA00451808 /* libopencv_objdetect.3.2.0.dylib */,
				C65E16BE1EFA1DFA00451808 /* libopencv_objdetect.3.2.0.dylib */,
				C65E16BF1EFA1DFA00451808 /* libopencv_objdetect.3.2.0.dylib */,
				C65E16C01EFA1DFA00451808 /* libopencv_photo.3.2.0.dylib */,
				C65E16C11EFA1DFA00451808 /* libopencv_photo.3.2.0.dylib */,
				C65E16C21EFA1DFA00451808 /* libopencv_photo.3.2.0.dylib */,
				C65E16C31EFA1DFA00451808 /* libopencv_shape.3.2.0.dylib */,
				C65E16C41EFA1DFA00451808 /* libopencv_shape.3.2.0.dylib */,
				C65E16C51EFA1DFA00451808 /* libopencv_shape.3.2.0.dylib */,
				C65E16C61EFA1DFA00451808 /* libopencv_stitching.3.2.0.dylib */,
				C65E16C71EFA1DFA00451808 /* libopencv_stitching.3.2.0.dylib */,
				C65E16C81EFA1DFA00451808 /* libopencv_stitching.3.2.0.dylib */,
				C65E16C91EFA1DFA00451808 /* libopencv_superres.3.2.0.dylib */,
				C65E16CA1EFA1DFA00451808 /* libopencv_superres.3.2.0.dylib */,
				C65E16CB1EFA1DFA00451808 /* libopencv_superres.3.2.0.dylib */,
				C65E16CC1EFA1DFA00451808 /* libopencv_ts.a */,
				C65E16CD1EFA1DFA00451808 /* libopencv_video.3.2.0.dylib */,
				C65E16CE1EFA1DFA00451808 /* libopencv_video.3.2.0.dylib */,
				C65E16CF1EFA1DFA00451808 /* libopencv_video.3.2.0.dylib */,
				C65E16D01EFA1DFA00451808 /* libopencv_videoio.3.2.0.dylib */,
				C65E16D11EFA1DFA00451808 /* libopencv_videoio.3.2.0.dylib */,
				C65E16D21EFA1DFA00451808 /* libopencv_videoio.3.2.0.dylib */,
				C65E16D31EFA1DFA00451808 /* libopencv_videostab.3.2.0.dylib */,
				C65E16D41EFA1DFA00451808 /* libopencv_videostab.3.2.0.dylib */,
				C65E16D51EFA1DFA00451808 /* libopencv_videostab.3.2.0.dylib */,
			);
			name = Opencv_lib;
			sourceTree = "<group>";
		};
		C6AB74BA1EF17008001EF1EC = {
			isa = PBXGroup;
			children = (
				C65E15CA1EF97B2800451808 /* .gitignore */,
				C65E15B01EF9445F00451808 /* 1.png */,
				C65E153A1EF9427500451808 /* Opencv_lib */,
				C6AB74C51EF17008001EF1EC /* Bezier */,
				C6AB74C41EF17008001EF1EC /* Products */,
			);
			sourceTree = "<group>";
		};
		C6AB74C41EF17008001EF1EC /* Products */ = {
			isa = PBXGroup;
			children = (
				C6AB74C31EF17008001EF1EC /* Bezier */,
			);
			name = Products;
			sourceTree = "<group>";
		};
		C6AB74C51EF17008001EF1EC /* Bezier */ = {
			isa = PBXGroup;
			children = (
				C6AB74C61EF17008001EF1EC /* main.cpp */,
				C6AB74CD1EF170E6001EF1EC /* basic.h */,
				C65E15D11EFA07F600451808 /* basic.cpp */,
				C65E15B21EF9547900451808 /* scene.cpp */,
				C65E15B31EF9547900451808 /* scene.hpp */,
				C65E15B51EF954F900451808 /* object.cpp */,
				C65E15B61EF954F900451808 /* object.hpp */,
				C65E15CB1EF9877800451808 /* RectangleObject.cpp */,
				C65E15CC1EF9877800451808 /* RectangleObject.hpp */,
				C65E15C41EF962F400451808 /* collider.cpp */,
				C65E15C51EF962F400451808 /* collider.hpp */,
				C65E15BE1EF961DE00451808 /* light.cpp */,
				C65E15BF1EF961DE00451808 /* light.hpp */,
				C65E15BB1EF95DD100451808 /* texture.cpp */,
				C65E15BC1EF95DD100451808 /* texture.hpp */,
				C65E15B81EF9589400451808 /* renderer.cpp */,
				C65E15B91EF9589400451808 /* renderer.hpp */,
				C65E15C71EF96B4D00451808 /* RayTracingRenderer.cpp */,
				C65E15C81EF96B4D00451808 /* RayTracingRenderer.hpp */,
				C65E15CE1EF9FD3600451808 /* Camera.cpp */,
				C65E15CF1EF9FD3600451808 /* Camera.hpp */,
			);
			path = Bezier;
			sourceTree = "<group>";
		};
/* End PBXGroup section */

/* Begin PBXNativeTarget section */
		C6AB74C21EF17008001EF1EC /* Bezier */ = {
			isa = PBXNativeTarget;
			buildConfigurationList = C6AB74CA1EF17008001EF1EC /* Build configuration list for PBXNativeTarget "Bezier" */;
			buildPhases = (
				C6AB74BF1EF17008001EF1EC /* Sources */,
				C6AB74C01EF17008001EF1EC /* Frameworks */,
				C6AB74C11EF17008001EF1EC /* CopyFiles */,
			);
			buildRules = (
			);
			dependencies = (
			);
			name = Bezier;
			productName = Bezier;
			productReference = C6AB74C31EF17008001EF1EC /* Bezier */;
			productType = "com.apple.product-type.tool";
		};
/* End PBXNativeTarget section */

/* Begin PBXProject section */
		C6AB74BB1EF17008001EF1EC /* Project object */ = {
			isa = PBXProject;
			attributes = {
				LastUpgradeCheck = 0830;
				ORGANIZATIONNAME = "张蒲石";
				TargetAttributes = {
					C6AB74C21EF17008001EF1EC = {
						CreatedOnToolsVersion = 8.3.3;
						ProvisioningStyle = Automatic;
					};
				};
			};
			buildConfigurationList = C6AB74BE1EF17008001EF1EC /* Build configuration list for PBXProject "Bezier" */;
			compatibilityVersion = "Xcode 3.2";
			developmentRegion = English;
			hasScannedForEncodings = 0;
			knownRegions = (
				en,
			);
			mainGroup = C6AB74BA1EF17008001EF1EC;
			productRefGroup = C6AB74C41EF17008001EF1EC /* Products */;
			projectDirPath = "";
			projectRoot = "";
			targets = (
				C6AB74C21EF17008001EF1EC /* Bezier */,
			);
		};
/* End PBXProject section */

/* Begin PBXSourcesBuildPhase section */
		C6AB74BF1EF17008001EF1EC /* Sources */ = {
			isa = PBXSourcesBuildPhase;
			buildActionMask = 2147483647;
			files = (
				C65E15BA1EF9589400451808 /* renderer.cpp in Sources */,
				C65E15B41EF9547900451808 /* scene.cpp in Sources */,
				C65E15D01EF9FD3600451808 /* Camera.cpp in Sources */,
				C65E15C91EF96B4D00451808 /* RayTracingRenderer.cpp in Sources */,
				C65E15CD1EF9877800451808 /* RectangleObject.cpp in Sources */,
				C65E15C61EF962F400451808 /* collider.cpp in Sources */,
				C65E15C01EF961DE00451808 /* light.cpp in Sources */,
				C65E15B71EF954F900451808 /* object.cpp in Sources */,
				C6AB74C71EF17008001EF1EC /* main.cpp in Sources */,
				C65E15D21EFA07F600451808 /* basic.cpp in Sources */,
				C65E15BD1EF95DD100451808 /* texture.cpp in Sources */,
			);
			runOnlyForDeploymentPostprocessing = 0;
		};
/* End PBXSourcesBuildPhase section */

/* Begin XCBuildConfiguration section */
		C6AB74C81EF17008001EF1EC /* Debug */ = {
			isa = XCBuildConfiguration;
			buildSettings = {
				ALWAYS_SEARCH_USER_PATHS = NO;
				CLANG_ANALYZER_NONNULL = YES;
				CLANG_ANALYZER_NUMBER_OBJECT_CONVERSION = YES_AGGRESSIVE;
				CLANG_CXX_LANGUAGE_STANDARD = "gnu++0x";
				CLANG_CXX_LIBRARY = "libc++";
				CLANG_ENABLE_MODULES = YES;
				CLANG_ENABLE_OBJC_ARC = YES;
				CLANG_WARN_BOOL_CONVERSION = YES;
				CLANG_WARN_CONSTANT_CONVERSION = YES;
				CLANG_WARN_DIRECT_OBJC_ISA_USAGE = YES_ERROR;
				CLANG_WARN_DOCUMENTATION_COMMENTS = YES;
				CLANG_WARN_EMPTY_BODY = YES;
				CLANG_WARN_ENUM_CONVERSION = YES;
				CLANG_WARN_INFINITE_RECURSION = YES;
				CLANG_WARN_INT_CONVERSION = YES;
				CLANG_WARN_OBJC_ROOT_CLASS = YES_ERROR;
				CLANG_WARN_SUSPICIOUS_MOVE = YES;
				CLANG_WARN_UNREACHABLE_CODE = YES;
				CLANG_WARN__DUPLICATE_METHOD_MATCH = YES;
				CODE_SIGN_IDENTITY = "-";
				COPY_PHASE_STRIP = NO;
				DEBUG_INFORMATION_FORMAT = dwarf;
				ENABLE_STRICT_OBJC_MSGSEND = YES;
				ENABLE_TESTABILITY = YES;
				GCC_C_LANGUAGE_STANDARD = gnu99;
				GCC_DYNAMIC_NO_PIC = NO;
				GCC_NO_COMMON_BLOCKS = YES;
				GCC_OPTIMIZATION_LEVEL = 0;
				GCC_PREPROCESSOR_DEFINITIONS = (
					"DEBUG=1",
					"$(inherited)",
				);
				GCC_WARN_64_TO_32_BIT_CONVERSION = YES;
				GCC_WARN_ABOUT_RETURN_TYPE = YES_ERROR;
				GCC_WARN_UNDECLARED_SELECTOR = YES;
				GCC_WARN_UNINITIALIZED_AUTOS = YES_AGGRESSIVE;
				GCC_WARN_UNUSED_FUNCTION = YES;
				GCC_WARN_UNUSED_VARIABLE = YES;
				MACOSX_DEPLOYMENT_TARGET = 10.12;
				MTL_ENABLE_DEBUG_INFO = YES;
				ONLY_ACTIVE_ARCH = YES;
				SDKROOT = macosx;
			};
			name = Debug;
		};
		C6AB74C91EF17008001EF1EC /* Release */ = {
			isa = XCBuildConfiguration;
			buildSettings = {
				ALWAYS_SEARCH_USER_PATHS = NO;
				CLANG_ANALYZER_NONNULL = YES;
				CLANG_ANALYZER_NUMBER_OBJECT_CONVERSION = YES_AGGRESSIVE;
				CLANG_CXX_LANGUAGE_STANDARD = "gnu++0x";
				CLANG_CXX_LIBRARY = "libc++";
				CLANG_ENABLE_MODULES = YES;
				CLANG_ENABLE_OBJC_ARC = YES;
				CLANG_WARN_BOOL_CONVERSION = YES;
				CLANG_WARN_CONSTANT_CONVERSION = YES;
				CLANG_WARN_DIRECT_OBJC_ISA_USAGE = YES_ERROR;
				CLANG_WARN_DOCUMENTATION_COMMENTS = YES;
				CLANG_WARN_EMPTY_BODY = YES;
				CLANG_WARN_ENUM_CONVERSION = YES;
				CLANG_WARN_INFINITE_RECURSION = YES;
				CLANG_WARN_INT_CONVERSION = YES;
				CLANG_WARN_OBJC_ROOT_CLASS = YES_ERROR;
				CLANG_WARN_SUSPICIOUS_MOVE = YES;
				CLANG_WARN_UNREACHABLE_CODE = YES;
				CLANG_WARN__DUPLICATE_METHOD_MATCH = YES;
				CODE_SIGN_IDENTITY = "-";
				COPY_PHASE_STRIP = NO;
				DEBUG_INFORMATION_FORMAT = "dwarf-with-dsym";
				ENABLE_NS_ASSERTIONS = NO;
				ENABLE_STRICT_OBJC_MSGSEND = YES;
				GCC_C_LANGUAGE_STANDARD = gnu99;
				GCC_NO_COMMON_BLOCKS = YES;
				GCC_WARN_64_TO_32_BIT_CONVERSION = YES;
				GCC_WARN_ABOUT_RETURN_TYPE = YES_ERROR;
				GCC_WARN_UNDECLARED_SELECTOR = YES;
				GCC_WARN_UNINITIALIZED_AUTOS = YES_AGGRESSIVE;
				GCC_WARN_UNUSED_FUNCTION = YES;
				GCC_WARN_UNUSED_VARIABLE = YES;
				MACOSX_DEPLOYMENT_TARGET = 10.12;
				MTL_ENABLE_DEBUG_INFO = NO;
				SDKROOT = macosx;
			};
			name = Release;
		};
		C6AB74CB1EF17008001EF1EC /* Debug */ = {
			isa = XCBuildConfiguration;
			buildSettings = {
				HEADER_SEARCH_PATHS = (
					/usr/local/include,
					/usr/local/Cellar/eigen/3.3.3/include/eigen3,
				);
				LIBRARY_SEARCH_PATHS = (
					"/Users/pushi/Downloads/opencv-3.2.0/release/lib",
					/usr/local/lib,
					/usr/local/Cellar/opencv/2.4.13.2/lib,
				);
				PRODUCT_NAME = "$(TARGET_NAME)";
			};
			name = Debug;
		};
		C6AB74CC1EF17008001EF1EC /* Release */ = {
			isa = XCBuildConfiguration;
			buildSettings = {
				HEADER_SEARCH_PATHS = (
					/usr/local/include,
					/usr/local/Cellar/eigen/3.3.3/include/eigen3,
				);
				LIBRARY_SEARCH_PATHS = (
					"/Users/pushi/Downloads/opencv-3.2.0/release/lib",
					/usr/local/lib,
					/usr/local/Cellar/opencv/2.4.13.2/lib,
				);
				PRODUCT_NAME = "$(TARGET_NAME)";
			};
			name = Release;
		};
/* End XCBuildConfiguration section */

/* Begin XCConfigurationList section */
		C6AB74BE1EF17008001EF1EC /* Build configuration list for PBXProject "Bezier" */ = {
			isa = XCConfigurationList;
			buildConfigurations = (
				C6AB74C81EF17008001EF1EC /* Debug */,
				C6AB74C91EF17008001EF1EC /* Release */,
			);
			defaultConfigurationIsVisible = 0;
			defaultConfigurationName = Release;
		};
		C6AB74CA1EF17008001EF1EC /* Build configuration list for PBXNativeTarget "Bezier" */ = {
			isa = XCConfigurationList;
			buildConfigurations = (
				C6AB74CB1EF17008001EF1EC /* Debug */,
				C6AB74CC1EF17008001EF1EC /* Release */,
			);
			defaultConfigurationIsVisible = 0;
			defaultConfigurationName = Release;
		};
/* End XCConfigurationList section */
	};
	rootObject = C6AB74BB1EF17008001EF1EC /* Project object */;
}
